// !$*UTF8*$!
{
	archiveVersion = 1;
	classes = {
	};
	objectVersion = 46;
	objects = {

/* Begin PBXBuildFile section */
		2BD51D741B81568B00108261 /* AppDelegate.swift in Sources */ = {isa = PBXBuildFile; fileRef = 2BD51D731B81568B00108261 /* AppDelegate.swift */; };
		2BD51D761B81568B00108261 /* ViewController.swift in Sources */ = {isa = PBXBuildFile; fileRef = 2BD51D751B81568B00108261 /* ViewController.swift */; };
		2BD51D791B81568B00108261 /* Main.storyboard in Resources */ = {isa = PBXBuildFile; fileRef = 2BD51D771B81568B00108261 /* Main.storyboard */; };
		2BD51D7B1B81568B00108261 /* Images.xcassets in Resources */ = {isa = PBXBuildFile; fileRef = 2BD51D7A1B81568B00108261 /* Images.xcassets */; };
		2BD51D7E1B81568B00108261 /* LaunchScreen.xib in Resources */ = {isa = PBXBuildFile; fileRef = 2BD51D7C1B81568B00108261 /* LaunchScreen.xib */; };
		2BD51D8A1B81568B00108261 /* TicTacToeTests.swift in Sources */ = {isa = PBXBuildFile; fileRef = 2BD51D891B81568B00108261 /* TicTacToeTests.swift */; };
		2BD51D941B815DE900108261 /* TicTacToe.swift in Sources */ = {isa = PBXBuildFile; fileRef = 2BD51D931B815DE900108261 /* TicTacToe.swift */; };
		2BD51D961B81681100108261 /* TicTacToeController.swift in Sources */ = {isa = PBXBuildFile; fileRef = 2BD51D951B81681100108261 /* TicTacToeController.swift */; };
/* End PBXBuildFile section */

/* Begin PBXContainerItemProxy section */
		2BD51D841B81568B00108261 /* PBXContainerItemProxy */ = {
			isa = PBXContainerItemProxy;
			containerPortal = 2BD51D661B81568B00108261 /* Project object */;
			proxyType = 1;
			remoteGlobalIDString = 2BD51D6D1B81568B00108261;
			remoteInfo = TicTacToe;
		};
/* End PBXContainerItemProxy section */

/* Begin PBXFileReference section */
		2BD51D6E1B81568B00108261 /* TicTacToe.app */ = {isa = PBXFileReference; explicitFileType = wrapper.application; includeInIndex = 0; path = TicTacToe.app; sourceTree = BUILT_PRODUCTS_DIR; };
		2BD51D721B81568B00108261 /* Info.plist */ = {isa = PBXFileReference; lastKnownFileType = text.plist.xml; path = Info.plist; sourceTree = "<group>"; };
		2BD51D731B81568B00108261 /* AppDelegate.swift */ = {isa = PBXFileReference; lastKnownFileType = sourcecode.swift; path = AppDelegate.swift; sourceTree = "<group>"; };
		2BD51D751B81568B00108261 /* ViewController.swift */ = {isa = PBXFileReference; lastKnownFileType = sourcecode.swift; path = ViewController.swift; sourceTree = "<group>"; };
		2BD51D781B81568B00108261 /* Base */ = {isa = PBXFileReference; lastKnownFileType = file.storyboard; name = Base; path = Base.lproj/Main.storyboard; sourceTree = "<group>"; };
		2BD51D7A1B81568B00108261 /* Images.xcassets */ = {isa = PBXFileReference; lastKnownFileType = folder.assetcatalog; path = Images.xcassets; sourceTree = "<group>"; };
		2BD51D7D1B81568B00108261 /* Base */ = {isa = PBXFileReference; lastKnownFileType = file.xib; name = Base; path = Base.lproj/LaunchScreen.xib; sourceTree = "<group>"; };
		2BD51D831B81568B00108261 /* TicTacToeTests.xctest */ = {isa = PBXFileReference; explicitFileType = wrapper.cfbundle; includeInIndex = 0; path = TicTacToeTests.xctest; sourceTree = BUILT_PRODUCTS_DIR; };
		2BD51D881B81568B00108261 /* Info.plist */ = {isa = PBXFileReference; lastKnownFileType = text.plist.xml; path = Info.plist; sourceTree = "<group>"; };
		2BD51D891B81568B00108261 /* TicTacToeTests.swift */ = {isa = PBXFileReference; lastKnownFileType = sourcecode.swift; path = TicTacToeTests.swift; sourceTree = "<group>"; };
		2BD51D931B815DE900108261 /* TicTacToe.swift */ = {isa = PBXFileReference; fileEncoding = 4; lastKnownFileType = sourcecode.swift; path = TicTacToe.swift; sourceTree = "<group>"; };
		2BD51D951B81681100108261 /* TicTacToeController.swift */ = {isa = PBXFileReference; fileEncoding = 4; lastKnownFileType = sourcecode.swift; path = TicTacToeController.swift; sourceTree = "<group>"; };
/* End PBXFileReference section */

/* Begin PBXFrameworksBuildPhase section */
		2BD51D6B1B81568B00108261 /* Frameworks */ = {
			isa = PBXFrameworksBuildPhase;
			buildActionMask = 2147483647;
			files = (
			);
			runOnlyForDeploymentPostprocessing = 0;
		};
		2BD51D801B81568B00108261 /* Frameworks */ = {
			isa = PBXFrameworksBuildPhase;
			buildActionMask = 2147483647;
			files = (
			);
			runOnlyForDeploymentPostprocessing = 0;
		};
/* End PBXFrameworksBuildPhase section */

/* Begin PBXGroup section */
		2BD51D651B81568B00108261 = {
			isa = PBXGroup;
			children = (
				2BD51D701B81568B00108261 /* TicTacToe */,
				2BD51D861B81568B00108261 /* TicTacToeTests */,
				2BD51D6F1B81568B00108261 /* Products */,
			);
			sourceTree = "<group>";
		};
		2BD51D6F1B81568B00108261 /* Products */ = {
			isa = PBXGroup;
			children = (
				2BD51D6E1B81568B00108261 /* TicTacToe.app */,
				2BD51D831B81568B00108261 /* TicTacToeTests.xctest */,
			);
			name = Products;
			sourceTree = "<group>";
		};
		2BD51D701B81568B00108261 /* TicTacToe */ = {
			isa = PBXGroup;
			children = (
				2BD51D731B81568B00108261 /* AppDelegate.swift */,
				2BD51D751B81568B00108261 /* ViewController.swift */,
				2BD51D771B81568B00108261 /* Main.storyboard */,
				2BD51D951B81681100108261 /* TicTacToeController.swift */,
				2BD51D931B815DE900108261 /* TicTacToe.swift */,
				2BD51D7A1B81568B00108261 /* Images.xcassets */,
				2BD51D7C1B81568B00108261 /* LaunchScreen.xib */,
				2BD51D711B81568B00108261 /* Supporting Files */,
			);
			path = TicTacToe;
			sourceTree = "<group>";
		};
		2BD51D711B81568B00108261 /* Supporting Files */ = {
			isa = PBXGroup;
			children = (
				2BD51D721B81568B00108261 /* Info.plist */,
			);
			name = "Supporting Files";
			sourceTree = "<group>";
		};
		2BD51D861B81568B00108261 /* TicTacToeTests */ = {
			isa = PBXGroup;
			children = (
				2BD51D891B81568B00108261 /* TicTacToeTests.swift */,
				2BD51D871B81568B00108261 /* Supporting Files */,
			);
			path = TicTacToeTests;
			sourceTree = "<group>";
		};
		2BD51D871B81568B00108261 /* Supporting Files */ = {
			isa = PBXGroup;
			children = (
				2BD51D881B81568B00108261 /* Info.plist */,
			);
			name = "Supporting Files";
			sourceTree = "<group>";
		};
/* End PBXGroup section */

/* Begin PBXNativeTarget section */
		2BD51D6D1B81568B00108261 /* TicTacToe */ = {
			isa = PBXNativeTarget;
			buildConfigurationList = 2BD51D8D1B81568B00108261 /* Build configuration list for PBXNativeTarget "TicTacToe" */;
			buildPhases = (
				2BD51D6A1B81568B00108261 /* Sources */,
				2BD51D6B1B81568B00108261 /* Frameworks */,
				2BD51D6C1B81568B00108261 /* Resources */,
			);
			buildRules = (
			);
			dependencies = (
			);
			name = TicTacToe;
			productName = TicTacToe;
			productReference = 2BD51D6E1B81568B00108261 /* TicTacToe.app */;
			productType = "com.apple.product-type.application";
		};
		2BD51D821B81568B00108261 /* TicTacToeTests */ = {
			isa = PBXNativeTarget;
			buildConfigurationList = 2BD51D901B81568B00108261 /* Build configuration list for PBXNativeTarget "TicTacToeTests" */;
			buildPhases = (
				2BD51D7F1B81568B00108261 /* Sources */,
				2BD51D801B81568B00108261 /* Frameworks */,
				2BD51D811B81568B00108261 /* Resources */,
			);
			buildRules = (
			);
			dependencies = (
				2BD51D851B81568B00108261 /* PBXTargetDependency */,
			);
			name = TicTacToeTests;
			productName = TicTacToeTests;
			productReference = 2BD51D831B81568B00108261 /* TicTacToeTests.xctest */;
			productType = "com.apple.product-type.bundle.unit-test";
		};
/* End PBXNativeTarget section */

/* Begin PBXProject section */
		2BD51D661B81568B00108261 /* Project object */ = {
			isa = PBXProject;
			attributes = {
				LastUpgradeCheck = 0640;
				ORGANIZATIONNAME = Angela;
				TargetAttributes = {
					2BD51D6D1B81568B00108261 = {
						CreatedOnToolsVersion = 6.4;
					};
					2BD51D821B81568B00108261 = {
						CreatedOnToolsVersion = 6.4;
						TestTargetID = 2BD51D6D1B81568B00108261;
					};
				};
			};
			buildConfigurationList = 2BD51D691B81568B00108261 /* Build configuration list for PBXProject "TicTacToe" */;
			compatibilityVersion = "Xcode 3.2";
			developmentRegion = English;
			hasScannedForEncodings = 0;
			knownRegions = (
				en,
				Base,
			);
			mainGroup = 2BD51D651B81568B00108261;
			productRefGroup = 2BD51D6F1B81568B00108261 /* Products */;
			projectDirPath = "";
			projectRoot = "";
			targets = (
				2BD51D6D1B81568B00108261 /* TicTacToe */,
				2BD51D821B81568B00108261 /* TicTacToeTests */,
			);
		};
/* End PBXProject section */

/* Begin PBXResourcesBuildPhase section */
		2BD51D6C1B81568B00108261 /* Resources */ = {
			isa = PBXResourcesBuildPhase;
			buildActionMask = 2147483647;
			files = (
				2BD51D791B81568B00108261 /* Main.storyboard in Resources */,
				2BD51D7E1B81568B00108261 /* LaunchScreen.xib in Resources */,
				2BD51D7B1B81568B00108261 /* Images.xcassets in Resources */,
			);
			runOnlyForDeploymentPostprocessing = 0;
		};
		2BD51D811B81568B00108261 /* Resources */ = {
			isa = PBXResourcesBuildPhase;
			buildActionMask = 2147483647;
			files = (
			);
			runOnlyForDeploymentPostprocessing = 0;
		};
/* End PBXResourcesBuildPhase section */

/* Begin PBXSourcesBuildPhase section */
		2BD51D6A1B81568B00108261 /* Sources */ = {
			isa = PBXSourcesBuildPhase;
			buildActionMask = 2147483647;
			files = (
				2BD51D961B81681100108261 /* TicTacToeController.swift in Sources */,
				2BD51D761B81568B00108261 /* ViewController.swift in Sources */,
				2BD51D941B815DE900108261 /* TicTacToe.swift in Sources */,
				2BD51D741B81568B00108261 /* AppDelegate.swift in Sources */,
			);
			runOnlyForDeploymentPostprocessing = 0;
		};
		2BD51D7F1B81568B00108261 /* Sources */ = {
			isa = PBXSourcesBuildPhase;
			buildActionMask = 2147483647;
			files = (
				2BD51D8A1B81568B00108261 /* TicTacToeTests.swift in Sources */,
			);
			runOnlyForDeploymentPostprocessing = 0;
		};
/* End PBXSourcesBuildPhase section */

/* Begin PBXTargetDependency section */
		2BD51D851B81568B00108261 /* PBXTargetDependency */ = {
			isa = PBXTargetDependency;
			target = 2BD51D6D1B81568B00108261 /* TicTacToe */;
			targetProxy = 2BD51D841B81568B00108261 /* PBXContainerItemProxy */;
		};
/* End PBXTargetDependency section */

/* Begin PBXVariantGroup section */
		2BD51D771B81568B00108261 /* Main.storyboard */ = {
			isa = PBXVariantGroup;
			children = (
				2BD51D781B81568B00108261 /* Base */,
			);
			name = Main.storyboard;
			sourceTree = "<group>";
		};
		2BD51D7C1B81568B00108261 /* LaunchScreen.xib */ = {
			isa = PBXVariantGroup;
			children = (
				2BD51D7D1B81568B00108261 /* Base */,
			);
			name = LaunchScreen.xib;
			sourceTree = "<group>";
		};
/* End PBXVariantGroup section */

/* Begin XCBuildConfiguration section */
		2BD51D8B1B81568B00108261 /* Debug */ = {
			isa = XCBuildConfiguration;
			buildSettings = {
				ALWAYS_SEARCH_USER_PATHS = NO;
				CLANG_CXX_LANGUAGE_STANDARD = "gnu++0x";
				CLANG_CXX_LIBRARY = "libc++";
				CLANG_ENABLE_MODULES = YES;
				CLANG_ENABLE_OBJC_ARC = YES;
				CLANG_WARN_BOOL_CONVERSION = YES;
				CLANG_WARN_CONSTANT_CONVERSION = YES;
				CLANG_WARN_DIRECT_OBJC_ISA_USAGE = YES_ERROR;
				CLANG_WARN_EMPTY_BODY = YES;
				CLANG_WARN_ENUM_CONVERSION = YES;
				CLANG_WARN_INT_CONVERSION = YES;
				CLANG_WARN_OBJC_ROOT_CLASS = YES_ERROR;
				CLANG_WARN_UNREACHABLE_CODE = YES;
				CLANG_WARN__DUPLICATE_METHOD_MATCH = YES;
				"CODE_SIGN_IDENTITY[sdk=iphoneos*]" = "iPhone Developer";
				COPY_PHASE_STRIP = NO;
				DEBUG_INFORMATION_FORMAT = "dwarf-with-dsym";
				ENABLE_STRICT_OBJC_MSGSEND = YES;
				GCC_C_LANGUAGE_STANDARD = gnu99;
				GCC_DYNAMIC_NO_PIC = NO;
				GCC_NO_COMMON_BLOCKS = YES;
				GCC_OPTIMIZATION_LEVEL = 0;
				GCC_PREPROCESSOR_DEFINITIONS = (
					"DEBUG=1",
					"$(inherited)",
				);
				GCC_SYMBOLS_PRIVATE_EXTERN = NO;
				GCC_WARN_64_TO_32_BIT_CONVERSION = YES;
				GCC_WARN_ABOUT_RETURN_TYPE = YES_ERROR;
				GCC_WARN_UNDECLARED_SELECTOR = YES;
				GCC_WARN_UNINITIALIZED_AUTOS = YES_AGGRESSIVE;
				GCC_WARN_UNUSED_FUNCTION = YES;
				GCC_WARN_UNUSED_VARIABLE = YES;
				IPHONEOS_DEPLOYMENT_TARGET = 8.4;
				MTL_ENABLE_DEBUG_INFO = YES;
				ONLY_ACTIVE_ARCH = YES;
				SDKROOT = iphoneos;
				SWIFT_OPTIMIZATION_LEVEL = "-Onone";
				TARGETED_DEVICE_FAMILY = "1,2";
			};
			name = Debug;
		};
		2BD51D8C1B81568B00108261 /* Release */ = {
			isa = XCBuildConfiguration;
			buildSettings = {
				ALWAYS_SEARCH_USER_PATHS = NO;
				CLANG_CXX_LANGUAGE_STANDARD = "gnu++0x";
				CLANG_CXX_LIBRARY = "libc++";
				CLANG_ENABLE_MODULES = YES;
				CLANG_ENABLE_OBJC_ARC = YES;
				CLANG_WARN_BOOL_CONVERSION = YES;
				CLANG_WARN_CONSTANT_CONVERSION = YES;
				CLANG_WARN_DIRECT_OBJC_ISA_USAGE = YES_ERROR;
				CLANG_WARN_EMPTY_BODY = YES;
				CLANG_WARN_ENUM_CONVERSION = YES;
				CLANG_WARN_INT_CONVERSION = YES;
				CLANG_WARN_OBJC_ROOT_CLASS = YES_ERROR;
				CLANG_WARN_UNREACHABLE_CODE = YES;
				CLANG_WARN__DUPLICATE_METHOD_MATCH = YES;
				"CODE_SIGN_IDENTITY[sdk=iphoneos*]" = "iPhone Developer";
				COPY_PHASE_STRIP = NO;
				DEBUG_INFORMATION_FORMAT = "dwarf-with-dsym";
				ENABLE_NS_ASSERTIONS = NO;
				ENABLE_STRICT_OBJC_MSGSEND = YES;
				GCC_C_LANGUAGE_STANDARD = gnu99;
				GCC_NO_COMMON_BLOCKS = YES;
				GCC_WARN_64_TO_32_BIT_CONVERSION = YES;
				GCC_WARN_ABOUT_RETURN_TYPE = YES_ERROR;
				GCC_WARN_UNDECLARED_SELECTOR = YES;
				GCC_WARN_UNINITIALIZED_AUTOS = YES_AGGRESSIVE;
				GCC_WARN_UNUSED_FUNCTION = YES;
				GCC_WARN_UNUSED_VARIABLE = YES;
				IPHONEOS_DEPLOYMENT_TARGET = 8.4;
				MTL_ENABLE_DEBUG_INFO = NO;
				SDKROOT = iphoneos;
				TARGETED_DEVICE_FAMILY = "1,2";
				VALIDATE_PRODUCT = YES;
			};
			name = Release;
		};
		2BD51D8E1B81568B00108261 /* Debug */ = {
			isa = XCBuildConfiguration;
			buildSettings = {
				ASSETCATALOG_COMPILER_APPICON_NAME = AppIcon;
				INFOPLIST_FILE = TicTacToe/Info.plist;
				LD_RUNPATH_SEARCH_PATHS = "$(inherited) @executable_path/Frameworks";
				PRODUCT_NAME = "$(TARGET_NAME)";
				TARGETED_DEVICE_FAMILY = "1,2";
			};
			name = Debug;
		};
		2BD51D8F1B81568B00108261 /* Release */ = {
			isa = XCBuildConfiguration;
			buildSettings = {
				ASSETCATALOG_COMPILER_APPICON_NAME = AppIcon;
				INFOPLIST_FILE = TicTacToe/Info.plist;
				LD_RUNPATH_SEARCH_PATHS = "$(inherited) @executable_path/Frameworks";
				PRODUCT_NAME = "$(TARGET_NAME)";
				TARGETED_DEVICE_FAMILY = "1,2";
			};
			name = Release;
		};
		2BD51D911B81568B00108261 /* Debug */ = {
			isa = XCBuildConfiguration;
			buildSettings = {
				BUNDLE_LOADER = "$(TEST_HOST)";
				FRAMEWORK_SEARCH_PATHS = (
					"$(SDKROOT)/Developer/Library/Frameworks",
					"$(inherited)",
				);
				GCC_PREPROCESSOR_DEFINITIONS = (
					"DEBUG=1",
					"$(inherited)",
				);
				INFOPLIST_FILE = TicTacToeTests/Info.plist;
				LD_RUNPATH_SEARCH_PATHS = "$(inherited) @executable_path/Frameworks @loader_path/Frameworks";
				PRODUCT_NAME = "$(TARGET_NAME)";
				TEST_HOST = "$(BUILT_PRODUCTS_DIR)/TicTacToe.app/TicTacToe";
			};
			name = Debug;
		};
		2BD51D921B81568B00108261 /* Release */ = {
			isa = XCBuildConfiguration;
			buildSettings = {
				BUNDLE_LOADER = "$(TEST_HOST)";
				FRAMEWORK_SEARCH_PATHS = (
					"$(SDKROOT)/Developer/Library/Frameworks",
					"$(inherited)",
				);
				INFOPLIST_FILE = TicTacToeTests/Info.plist;
				LD_RUNPATH_SEARCH_PATHS = "$(inherited) @executable_path/Frameworks @loader_path/Frameworks";
				PRODUCT_NAME = "$(TARGET_NAME)";
				TEST_HOST = "$(BUILT_PRODUCTS_DIR)/TicTacToe.app/TicTacToe";
			};
			name = Release;
		};
/* End XCBuildConfiguration section */

/* Begin XCConfigurationList section */
		2BD51D691B81568B00108261 /* Build configuration list for PBXProject "TicTacToe" */ = {
			isa = XCConfigurationList;
			buildConfigurations = (
				2BD51D8B1B81568B00108261 /* Debug */,
				2BD51D8C1B81568B00108261 /* Release */,
			);
			defaultConfigurationIsVisible = 0;
			defaultConfigurationName = Release;
		};
		2BD51D8D1B81568B00108261 /* Build configuration list for PBXNativeTarget "TicTacToe" */ = {
			isa = XCConfigurationList;
			buildConfigurations = (
				2BD51D8E1B81568B00108261 /* Debug */,
				2BD51D8F1B81568B00108261 /* Release */,
			);
			defaultConfigurationIsVisible = 0;
		};
		2BD51D901B81568B00108261 /* Build configuration list for PBXNativeTarget "TicTacToeTests" */ = {
			isa = XCConfigurationList;
			buildConfigurations = (
				2BD51D911B81568B00108261 /* Debug */,
				2BD51D921B81568B00108261 /* Release */,
			);
			defaultConfigurationIsVisible = 0;
		};
/* End XCConfigurationList section */
	};
	rootObject = 2BD51D661B81568B00108261 /* Project object */;
}
